{
  "name": "nl.novy.intouch",
  "version": "2.0.0",
  "lockfileVersion": 3,
  "requires": true,
  "packages": {
    "": {
      "name": "nl.novy.intouch",
      "version": "2.0.0",
      "license": "ISC",
      "dependencies": {
        "homey-log": "^2.1.0",
        "homey-rfdriver": "^3.0.4"
      },
      "devDependencies": {
        "inspector": "^0.5.0"
      }
    },
    "node_modules/bindings": {
      "version": "1.2.1",
      "resolved": "https://registry.npmjs.org/bindings/-/bindings-1.2.1.tgz",
      "integrity": "sha512-u4cBQNepWxYA55FunZSM7wMi55yQaN0otnhhilNoWHq0MfOfJeQx0v0mRRpolGOExPjZcl6FtB0BB8Xkb88F0g==",
      "dev": true,
      "license": "MIT",
      "optional": true
    },
    "node_modules/bufferutil": {
      "version": "1.1.0",
      "resolved": "https://registry.npmjs.org/bufferutil/-/bufferutil-1.1.0.tgz",
      "integrity": "sha512-bttEVtkre4VYrZH+ciatjApTuac7jLMQXVXzM/ymw82WFREdOrJO496C4Bkh0/FfYoBUSOFaAYF32a5Q8dyiLw==",
      "dev": true,
      "hasInstallScript": true,
      "license": "MIT",
      "optional": true,
      "dependencies": {
        "bindings": "1.2.x",
        "nan": "1.8.x"
      }
    },
    "node_modules/charenc": {
      "version": "0.0.2",
      "resolved": "https://registry.npmjs.org/charenc/-/charenc-0.0.2.tgz",
      "integrity": "sha512-yrLQ/yVUFXkzg7EDQsPieE/53+0RlaWTs+wBrvW36cyilJ2SaDWfl4Yj7MtLTXleV9uEKefbAGUPv2/iWSooRA==",
      "license": "BSD-3-Clause",
      "engines": {
        "node": "*"
      }
    },
    "node_modules/cookie": {
      "version": "0.3.1",
      "resolved": "https://registry.npmjs.org/cookie/-/cookie-0.3.1.tgz",
      "integrity": "sha512-+IJOX0OqlHCszo2mBUq+SrEbCj6w7Kpffqx60zYbPTFaO4+yYgRjHwcZNpWvaTylDHaV7PPmBHzSecZiMhtPgw==",
      "license": "MIT",
      "engines": {
        "node": ">= 0.6"
      }
    },
    "node_modules/crypt": {
      "version": "0.0.2",
      "resolved": "https://registry.npmjs.org/crypt/-/crypt-0.0.2.tgz",
      "integrity": "sha512-mCxBlsHFYh9C+HVpiEacem8FEBnMXgU9gy4zmNC+SXAZNB/1idgp/aulFJ4FgCi7GPEVbfyng092GqL2k2rmow==",
      "license": "BSD-3-Clause",
      "engines": {
        "node": "*"
      }
    },
    "node_modules/endpoint": {
      "version": "0.4.5",
      "resolved": "https://registry.npmjs.org/endpoint/-/endpoint-0.4.5.tgz",
      "integrity": "sha512-oA2ALUF+d4Y0I8/WMV/0BuAZGHxfIdAygr9ZXP4rfzmp5zpYZmYKHKAbqRQnrE1YGdPhVg4D24CQkyx2qYEoHg==",
      "dev": true,
      "license": "MIT",
      "dependencies": {
        "inherits": "^2.0.1"
      }
    },
    "node_modules/homey-log": {
      "version": "2.1.0",
      "resolved": "https://registry.npmjs.org/homey-log/-/homey-log-2.1.0.tgz",
      "integrity": "sha512-BL4AduSZ1Hlzs3vLmExOzNONp3N5GUpG5Ro/R/6+PpKgG4ME5EIcanCuDUWcdXD8y3hJj2KKYqrr0JaggGG/8g==",
      "license": "ISC",
      "dependencies": {
        "raven": "github:athombv/raven-node"
      },
      "engines": {
        "node": ">=12"
      }
    },
    "node_modules/homey-rfdriver": {
      "version": "3.3.2",
      "resolved": "https://registry.npmjs.org/homey-rfdriver/-/homey-rfdriver-3.3.2.tgz",
      "integrity": "sha512-5N5VmgHfAk9dCs2EuWb30OwSFKtwK89msFE5XBFEYvaVwrK12j12EyRr0UFvLQKkq+WycLVBy0MGWI7OyurA/A=="
    },
    "node_modules/inherits": {
      "version": "2.0.4",
      "resolved": "https://registry.npmjs.org/inherits/-/inherits-2.0.4.tgz",
      "integrity": "sha512-k/vGaX4/Yla3WzyMCvTQOXYeIHvqOKtnqBduzTHpzpQZzAskKMhZ2K+EnBiSM9zGSoIFeMpXKxa4dYeZIQqewQ==",
      "dev": true,
      "license": "ISC"
    },
    "node_modules/inspector": {
      "version": "0.5.0",
      "resolved": "https://registry.npmjs.org/inspector/-/inspector-0.5.0.tgz",
      "integrity": "sha512-qs91uK2uL3Bjcl+zSe088cR2Jh8TWgjifv54jsIvr593q92rUPFaTo+WZGvoyMgsRZWusZQR6JJmNA913QSZ+A==",
      "dev": true,
      "license": "MIT",
      "dependencies": {
        "endpoint": "0.4.x",
        "ws": "0.7.x"
      }
    },
    "node_modules/is-buffer": {
      "version": "1.1.6",
      "resolved": "https://registry.npmjs.org/is-buffer/-/is-buffer-1.1.6.tgz",
      "integrity": "sha512-NcdALwpXkTm5Zvvbk7owOUSvVvBKDgKP5/ewfXEznmQFfs4ZRmanOeKBTjRVjka3QFoN6XJ+9F3USqfHqTaU5w==",
      "license": "MIT"
    },
    "node_modules/md5": {
      "version": "2.3.0",
      "resolved": "https://registry.npmjs.org/md5/-/md5-2.3.0.tgz",
      "integrity": "sha512-T1GITYmFaKuO91vxyoQMFETst+O71VUPEU3ze5GNzDm0OWdP8v1ziTaAEPUr/3kLsY3Sftgz242A1SetQiDL7g==",
      "license": "BSD-3-Clause",
      "dependencies": {
        "charenc": "0.0.2",
        "crypt": "0.0.2",
        "is-buffer": "~1.1.6"
      }
    },
    "node_modules/nan": {
      "version": "1.8.4",
      "resolved": "https://registry.npmjs.org/nan/-/nan-1.8.4.tgz",
      "integrity": "sha512-609zQ1h3ApgH/94qmbbEklSrjcYYXCHnsWk4MAojq4OUk3tidhDYhPaMasMFKsZPZ96r4eQA1hbR2W4H7/77XA==",
      "dev": true,
      "license": "MIT",
      "optional": true
    },
    "node_modules/options": {
      "version": "0.0.6",
      "resolved": "https://registry.npmjs.org/options/-/options-0.0.6.tgz",
      "integrity": "sha512-bOj3L1ypm++N+n7CEbbe473A414AB7z+amKYshRb//iuL3MpdDCLhPnw6aVTdKB9g5ZRVHIEp8eUln6L2NUStg==",
      "dev": true,
      "engines": {
        "node": ">=0.4.0"
      }
    },
    "node_modules/raven": {
      "version": "2.6.2",
      "resolved": "git+ssh://git@github.com/athombv/raven-node.git#b8b2b6e007924a79ba4434240f6dfcf431d7c9a1",
      "license": "BSD-2-Clause",
      "dependencies": {
        "cookie": "0.3.1",
        "md5": "^2.2.1",
        "stack-trace": "0.0.10",
        "timed-out": "5.0.0",
        "uuid": "3.0.0"
      },
      "bin": {
        "raven": "bin/raven"
      },
      "engines": {
        "node": ">= 4.0.0"
      }
    },
    "node_modules/stack-trace": {
      "version": "0.0.10",
      "resolved": "https://registry.npmjs.org/stack-trace/-/stack-trace-0.0.10.tgz",
      "integrity": "sha512-KGzahc7puUKkzyMt+IqAep+TVNbKP+k2Lmwhub39m1AsTSkaDutx56aDCo+HLDzf/D26BIHTJWNiTG1KAJiQCg==",
      "license": "MIT",
      "engines": {
        "node": "*"
      }
    },
    "node_modules/timed-out": {
      "version": "5.0.0",
      "resolved": "https://registry.npmjs.org/timed-out/-/timed-out-5.0.0.tgz",
      "integrity": "sha512-+IAmaDqYnVi/HOMCeH4NDzdjTH9EHTC8xbe+PgXMKtovdMjbu25qYxeUj6u/yukMp1wDOhPeh6oTcIVepm5n7Q==",
      "license": "MIT",
      "engines": {
        "node": ">=8"
      }
    },
    "node_modules/ultron": {
      "version": "1.0.2",
      "resolved": "https://registry.npmjs.org/ultron/-/ultron-1.0.2.tgz",
      "integrity": "sha512-QMpnpVtYaWEeY+MwKDN/UdKlE/LsFZXM5lO1u7GaZzNgmIbGixHEmVMIKT+vqYOALu3m5GYQy9kz4Xu4IVn7Ow==",
      "dev": true,
      "license": "MIT"
    },
    "node_modules/utf-8-validate": {
      "version": "1.1.0",
      "resolved": "https://registry.npmjs.org/utf-8-validate/-/utf-8-validate-1.1.0.tgz",
      "integrity": "sha512-Qsgu1u2akdyOneurUEVf/tXhkqBQMoE3x0GY5+P7ayPHvVzTqOkkgBhtl26wm6ap10Amhwy0jIhPwMGywx76QQ==",
      "dev": true,
      "hasInstallScript": true,
      "license": "MIT",
      "optional": true,
      "dependencies": {
        "bindings": "1.2.x",
        "nan": "1.8.x"
      }
    },
    "node_modules/uuid": {
      "version": "3.0.0",
      "resolved": "https://registry.npmjs.org/uuid/-/uuid-3.0.0.tgz",
      "integrity": "sha512-rqE1LoOVLv3QrZMjb4NkF5UWlkurCfPyItVnFPNKDDGkHw4dQUdE4zMcLqx28+0Kcf3+bnUk4PisaiRJT4aiaQ==",
      "deprecated": "Please upgrade  to version 7 or higher.  Older versions may use Math.random() in certain circumstances, which is known to be problematic.  See https://v8.dev/blog/math-random for details.",
      "license": "MIT",
      "bin": {
        "uuid": "bin/uuid"
      }
    },
    "node_modules/ws": {
      "version": "0.7.2",
      "resolved": "https://registry.npmjs.org/ws/-/ws-0.7.2.tgz",
      "integrity": "sha512-8mJ1Ku743qD/PKmO9Dg+y7BXTwzUgKdXguecfIyOVHFmez4JMqMF+V+M684btmQXHlwzyrJqRl3NYDltGDf6CQ==",
      "dev": true,
      "license": "MIT",
      "dependencies": {
        "options": ">=0.0.5",
        "ultron": "1.0.x"
      },
      "optionalDependencies": {
        "bufferutil": "1.1.x",
        "utf-8-validate": "1.1.x"
      }
    }
  }
}
